
Microsoft Visual Studio Solution File, Format Version 12.00
# Visual Studio 15
VisualStudioVersion = 15.0.27703.2035
MinimumVisualStudioVersion = 10.0.40219.1
Project("{FAE04EC0-301F-11D3-BF4B-00C04F79EFBC}") = "GoodbyeOldFiles", "GoodbyeOldFiles\GoodbyeOldFiles.csproj", "{FE071B5F-974A-4E1E-A412-A3089A845DB4}"
EndProject
Global
	GlobalSection(SolutionConfigurationPlatforms) = preSolution
		Debug|Any CPU = Debug|Any CPU
		Release|Any CPU = Release|Any CPU
	EndGlobalSection
	GlobalSection(ProjectConfigurationPlatforms) = postSolution
		{FE071B5F-974A-4E1E-A412-A3089A845DB4}.Debug|Any CPU.ActiveCfg = Debug|Any CPU
		{FE071B5F-974A-4E1E-A412-A3089A845DB4}.Debug|Any CPU.Build.0 = Debug|Any CPU
		{FE071B5F-974A-4E1E-A412-A3089A845DB4}.Release|Any CPU.ActiveCfg = Release|Any CPU
		{FE071B5F-974A-4E1E-A412-A3089A845DB4}.Release|Any CPU.Build.0 = Release|Any CPU
	EndGlobalSection
	GlobalSection(SolutionProperties) = preSolution
		HideSolutionNode = FALSE
	EndGlobalSection
	GlobalSection(ExtensibilityGlobals) = postSolution
		SolutionGuid = {8F5B26A7-80FE-4D7B-96AE-B0CA01D27D6D}
	EndGlobalSection
EndGlobal
